
Microsoft Visual Studio Solution File, Format Version 12.00
# Visual Studio Version 17
VisualStudioVersion = 17.12.35707.178
MinimumVisualStudioVersion = 10.0.40219.1
Project("{9A19103F-16F7-4668-BE54-9A1E7A4F7556}") = "WP.API", "WP.API\WP.API.csproj", "{1AF8807F-BA0A-4326-9FA2-0CA9B93AB7D7}"
EndProject
Project("{9A19103F-16F7-4668-BE54-9A1E7A4F7556}") = "WP.DTOs", "WP.DTOs\WP.DTOs.csproj", "{5F10F8EC-065C-4FCC-8991-8E3102676CEF}"
EndProject
Project("{9A19103F-16F7-4668-BE54-9A1E7A4F7556}") = "WP.Data", "WP.Data\WP.Data.csproj", "{D9CE7DEA-1E30-4CFD-9434-35C0EC53ED67}"
EndProject
Project("{9A19103F-16F7-4668-BE54-9A1E7A4F7556}") = "WP.Services", "WP.Services\WP.Services.csproj", "{C9349496-76BB-4D13-A626-ED1585A98EA6}"
EndProject
Project("{9A19103F-16F7-4668-BE54-9A1E7A4F7556}") = "WP.Core", "WP.Core\WP.Core.csproj", "{F2E07023-8D0B-4245-9776-088BFD2D712F}"
EndProject
Project("{9A19103F-16F7-4668-BE54-9A1E7A4F7556}") = "WP.Web", "WP.Web\WP.Web.csproj", "{386C286B-B980-4767-B5A7-1C207462D819}"
EndProject
Project("{2150E333-8FDC-42A3-9474-1A3956D46DE8}") = "Libraries", "Libraries", "{06716E95-F961-4B00-9965-2195907B2AEC}"
EndProject
Project("{9A19103F-16F7-4668-BE54-9A1E7A4F7556}") = "WP.Repository", "WP.Repository\WP.Repository.csproj", "{733F61F4-4560-43D2-A6E8-35142C718DB9}"
EndProject
Project("{FAE04EC0-301F-11D3-BF4B-00C04F79EFBC}") = "WP.Nugets", "WP.Nugets\WP.Nugets.csproj", "{DCACECC0-F67F-4046-9A50-BFCBDF21102A}"
EndProject
Project("{FAE04EC0-301F-11D3-BF4B-00C04F79EFBC}") = "WP.DataContext", "WP.DbContext\WP.DataContext.csproj", "{5031BD18-3C40-4A87-AEB8-1C283A9AB4F4}"
EndProject
Project("{FAE04EC0-301F-11D3-BF4B-00C04F79EFBC}") = "WP.Service", "WP.Service\WP.Service.csproj", "{F35A16B7-36AF-4683-BE70-F6F23A40733F}"
EndProject
Project("{FAE04EC0-301F-11D3-BF4B-00C04F79EFBC}") = "WP.EDTOs", "WP.EDTOs\WP.EDTOs.csproj", "{E461893C-614F-4B2C-A7AF-42E1DB3B090C}"
EndProject
Project("{FAE04EC0-301F-11D3-BF4B-00C04F79EFBC}") = "WP.Common", "WP.Common\WP.Common.csproj", "{38F34963-38B9-4DCD-8D50-2F17E40E9254}"
EndProject
Global
	GlobalSection(SolutionConfigurationPlatforms) = preSolution
		Debug|Any CPU = Debug|Any CPU
		Release|Any CPU = Release|Any CPU
	EndGlobalSection
	GlobalSection(ProjectConfigurationPlatforms) = postSolution
		{1AF8807F-BA0A-4326-9FA2-0CA9B93AB7D7}.Debug|Any CPU.ActiveCfg = Debug|Any CPU
		{1AF8807F-BA0A-4326-9FA2-0CA9B93AB7D7}.Debug|Any CPU.Build.0 = Debug|Any CPU
		{1AF8807F-BA0A-4326-9FA2-0CA9B93AB7D7}.Release|Any CPU.ActiveCfg = Release|Any CPU
		{1AF8807F-BA0A-4326-9FA2-0CA9B93AB7D7}.Release|Any CPU.Build.0 = Release|Any CPU
		{5F10F8EC-065C-4FCC-8991-8E3102676CEF}.Debug|Any CPU.ActiveCfg = Debug|Any CPU
		{5F10F8EC-065C-4FCC-8991-8E3102676CEF}.Debug|Any CPU.Build.0 = Debug|Any CPU
		{5F10F8EC-065C-4FCC-8991-8E3102676CEF}.Release|Any CPU.ActiveCfg = Release|Any CPU
		{5F10F8EC-065C-4FCC-8991-8E3102676CEF}.Release|Any CPU.Build.0 = Release|Any CPU
		{D9CE7DEA-1E30-4CFD-9434-35C0EC53ED67}.Debug|Any CPU.ActiveCfg = Debug|Any CPU
		{D9CE7DEA-1E30-4CFD-9434-35C0EC53ED67}.Debug|Any CPU.Build.0 = Debug|Any CPU
		{D9CE7DEA-1E30-4CFD-9434-35C0EC53ED67}.Release|Any CPU.ActiveCfg = Release|Any CPU
		{D9CE7DEA-1E30-4CFD-9434-35C0EC53ED67}.Release|Any CPU.Build.0 = Release|Any CPU
		{C9349496-76BB-4D13-A626-ED1585A98EA6}.Debug|Any CPU.ActiveCfg = Debug|Any CPU
		{C9349496-76BB-4D13-A626-ED1585A98EA6}.Debug|Any CPU.Build.0 = Debug|Any CPU
		{C9349496-76BB-4D13-A626-ED1585A98EA6}.Release|Any CPU.ActiveCfg = Release|Any CPU
		{C9349496-76BB-4D13-A626-ED1585A98EA6}.Release|Any CPU.Build.0 = Release|Any CPU
		{F2E07023-8D0B-4245-9776-088BFD2D712F}.Debug|Any CPU.ActiveCfg = Debug|Any CPU
		{F2E07023-8D0B-4245-9776-088BFD2D712F}.Debug|Any CPU.Build.0 = Debug|Any CPU
		{F2E07023-8D0B-4245-9776-088BFD2D712F}.Release|Any CPU.ActiveCfg = Release|Any CPU
		{F2E07023-8D0B-4245-9776-088BFD2D712F}.Release|Any CPU.Build.0 = Release|Any CPU
		{386C286B-B980-4767-B5A7-1C207462D819}.Debug|Any CPU.ActiveCfg = Debug|Any CPU
		{386C286B-B980-4767-B5A7-1C207462D819}.Debug|Any CPU.Build.0 = Debug|Any CPU
		{386C286B-B980-4767-B5A7-1C207462D819}.Release|Any CPU.ActiveCfg = Release|Any CPU
		{386C286B-B980-4767-B5A7-1C207462D819}.Release|Any CPU.Build.0 = Release|Any CPU
		{733F61F4-4560-43D2-A6E8-35142C718DB9}.Debug|Any CPU.ActiveCfg = Debug|Any CPU
		{733F61F4-4560-43D2-A6E8-35142C718DB9}.Debug|Any CPU.Build.0 = Debug|Any CPU
		{733F61F4-4560-43D2-A6E8-35142C718DB9}.Release|Any CPU.ActiveCfg = Release|Any CPU
		{733F61F4-4560-43D2-A6E8-35142C718DB9}.Release|Any CPU.Build.0 = Release|Any CPU
		{DCACECC0-F67F-4046-9A50-BFCBDF21102A}.Debug|Any CPU.ActiveCfg = Debug|Any CPU
		{DCACECC0-F67F-4046-9A50-BFCBDF21102A}.Debug|Any CPU.Build.0 = Debug|Any CPU
		{DCACECC0-F67F-4046-9A50-BFCBDF21102A}.Release|Any CPU.ActiveCfg = Release|Any CPU
		{DCACECC0-F67F-4046-9A50-BFCBDF21102A}.Release|Any CPU.Build.0 = Release|Any CPU
		{5031BD18-3C40-4A87-AEB8-1C283A9AB4F4}.Debug|Any CPU.ActiveCfg = Debug|Any CPU
		{5031BD18-3C40-4A87-AEB8-1C283A9AB4F4}.Debug|Any CPU.Build.0 = Debug|Any CPU
		{5031BD18-3C40-4A87-AEB8-1C283A9AB4F4}.Release|Any CPU.ActiveCfg = Release|Any CPU
		{5031BD18-3C40-4A87-AEB8-1C283A9AB4F4}.Release|Any CPU.Build.0 = Release|Any CPU
		{F35A16B7-36AF-4683-BE70-F6F23A40733F}.Debug|Any CPU.ActiveCfg = Debug|Any CPU
		{F35A16B7-36AF-4683-BE70-F6F23A40733F}.Debug|Any CPU.Build.0 = Debug|Any CPU
		{F35A16B7-36AF-4683-BE70-F6F23A40733F}.Release|Any CPU.ActiveCfg = Release|Any CPU
		{F35A16B7-36AF-4683-BE70-F6F23A40733F}.Release|Any CPU.Build.0 = Release|Any CPU
		{E461893C-614F-4B2C-A7AF-42E1DB3B090C}.Debug|Any CPU.ActiveCfg = Debug|Any CPU
		{E461893C-614F-4B2C-A7AF-42E1DB3B090C}.Debug|Any CPU.Build.0 = Debug|Any CPU
		{E461893C-614F-4B2C-A7AF-42E1DB3B090C}.Release|Any CPU.ActiveCfg = Release|Any CPU
		{E461893C-614F-4B2C-A7AF-42E1DB3B090C}.Release|Any CPU.Build.0 = Release|Any CPU
		{38F34963-38B9-4DCD-8D50-2F17E40E9254}.Debug|Any CPU.ActiveCfg = Debug|Any CPU
		{38F34963-38B9-4DCD-8D50-2F17E40E9254}.Debug|Any CPU.Build.0 = Debug|Any CPU
		{38F34963-38B9-4DCD-8D50-2F17E40E9254}.Release|Any CPU.ActiveCfg = Release|Any CPU
		{38F34963-38B9-4DCD-8D50-2F17E40E9254}.Release|Any CPU.Build.0 = Release|Any CPU
	EndGlobalSection
	GlobalSection(SolutionProperties) = preSolution
		HideSolutionNode = FALSE
	EndGlobalSection
	GlobalSection(NestedProjects) = preSolution
		{733F61F4-4560-43D2-A6E8-35142C718DB9} = {06716E95-F961-4B00-9965-2195907B2AEC}
		{DCACECC0-F67F-4046-9A50-BFCBDF21102A} = {06716E95-F961-4B00-9965-2195907B2AEC}
		{5031BD18-3C40-4A87-AEB8-1C283A9AB4F4} = {06716E95-F961-4B00-9965-2195907B2AEC}
		{F35A16B7-36AF-4683-BE70-F6F23A40733F} = {06716E95-F961-4B00-9965-2195907B2AEC}
		{E461893C-614F-4B2C-A7AF-42E1DB3B090C} = {06716E95-F961-4B00-9965-2195907B2AEC}
		{38F34963-38B9-4DCD-8D50-2F17E40E9254} = {06716E95-F961-4B00-9965-2195907B2AEC}
	EndGlobalSection
	GlobalSection(ExtensibilityGlobals) = postSolution
		SolutionGuid = {7303FE55-369F-4014-9BBC-C920B42084DD}
	EndGlobalSection
EndGlobal
