
Microsoft Visual Studio Solution File, Format Version 12.00
# Visual Studio Version 17
VisualStudioVersion = 17.12.35707.178
MinimumVisualStudioVersion = 10.0.40219.1
Project("{9A19103F-16F7-4668-BE54-9A1E7A4F7556}") = "WP.API", "WP.API\WP.API.csproj", "{1AF8807F-BA0A-4326-9FA2-0CA9B93AB7D7}"
EndProject
Project("{9A19103F-16F7-4668-BE54-9A1E7A4F7556}") = "WP.DTOs", "WP.DTOs\WP.DTOs.csproj", "{5F10F8EC-065C-4FCC-8991-8E3102676CEF}"
EndProject
Project("{9A19103F-16F7-4668-BE54-9A1E7A4F7556}") = "WP.Data", "WP.Data\WP.Data.csproj", "{D9CE7DEA-1E30-4CFD-9434-35C0EC53ED67}"
EndProject
Project("{9A19103F-16F7-4668-BE54-9A1E7A4F7556}") = "WP.Services", "WP.Services\WP.Services.csproj", "{C9349496-76BB-4D13-A626-ED1585A98EA6}"
EndProject
Project("{9A19103F-16F7-4668-BE54-9A1E7A4F7556}") = "WP.Core", "WP.Core\WP.Core.csproj", "{F2E07023-8D0B-4245-9776-088BFD2D712F}"
EndProject
Project("{9A19103F-16F7-4668-BE54-9A1E7A4F7556}") = "WP.Web", "WP.Web\WP.Web.csproj", "{386C286B-B980-4767-B5A7-1C207462D819}"
EndProject
Project("{2150E333-8FDC-42A3-9474-1A3956D46DE8}") = "Libraries", "Libraries", "{324A8FE2-102F-4534-8CBA-43ED8458B3E6}"
EndProject
Project("{FAE04EC0-301F-11D3-BF4B-00C04F79EFBC}") = "WP.Repository", "Repository\WP.Repository.csproj", "{8886CB19-13F8-4531-BDCF-2F62A4F65CEC}"
EndProject
Project("{FAE04EC0-301F-11D3-BF4B-00C04F79EFBC}") = "WP.Nugets", "Nugets\WP.Nugets.csproj", "{67560AE7-201D-4235-8462-44116B6BEE3D}"
EndProject
Global
	GlobalSection(SolutionConfigurationPlatforms) = preSolution
		Debug|Any CPU = Debug|Any CPU
		Release|Any CPU = Release|Any CPU
	EndGlobalSection
	GlobalSection(ProjectConfigurationPlatforms) = postSolution
		{1AF8807F-BA0A-4326-9FA2-0CA9B93AB7D7}.Debug|Any CPU.ActiveCfg = Debug|Any CPU
		{1AF8807F-BA0A-4326-9FA2-0CA9B93AB7D7}.Debug|Any CPU.Build.0 = Debug|Any CPU
		{1AF8807F-BA0A-4326-9FA2-0CA9B93AB7D7}.Release|Any CPU.ActiveCfg = Release|Any CPU
		{1AF8807F-BA0A-4326-9FA2-0CA9B93AB7D7}.Release|Any CPU.Build.0 = Release|Any CPU
		{5F10F8EC-065C-4FCC-8991-8E3102676CEF}.Debug|Any CPU.ActiveCfg = Debug|Any CPU
		{5F10F8EC-065C-4FCC-8991-8E3102676CEF}.Debug|Any CPU.Build.0 = Debug|Any CPU
		{5F10F8EC-065C-4FCC-8991-8E3102676CEF}.Release|Any CPU.ActiveCfg = Release|Any CPU
		{5F10F8EC-065C-4FCC-8991-8E3102676CEF}.Release|Any CPU.Build.0 = Release|Any CPU
		{D9CE7DEA-1E30-4CFD-9434-35C0EC53ED67}.Debug|Any CPU.ActiveCfg = Debug|Any CPU
		{D9CE7DEA-1E30-4CFD-9434-35C0EC53ED67}.Debug|Any CPU.Build.0 = Debug|Any CPU
		{D9CE7DEA-1E30-4CFD-9434-35C0EC53ED67}.Release|Any CPU.ActiveCfg = Release|Any CPU
		{D9CE7DEA-1E30-4CFD-9434-35C0EC53ED67}.Release|Any CPU.Build.0 = Release|Any CPU
		{C9349496-76BB-4D13-A626-ED1585A98EA6}.Debug|Any CPU.ActiveCfg = Debug|Any CPU
		{C9349496-76BB-4D13-A626-ED1585A98EA6}.Debug|Any CPU.Build.0 = Debug|Any CPU
		{C9349496-76BB-4D13-A626-ED1585A98EA6}.Release|Any CPU.ActiveCfg = Release|Any CPU
		{C9349496-76BB-4D13-A626-ED1585A98EA6}.Release|Any CPU.Build.0 = Release|Any CPU
		{F2E07023-8D0B-4245-9776-088BFD2D712F}.Debug|Any CPU.ActiveCfg = Debug|Any CPU
		{F2E07023-8D0B-4245-9776-088BFD2D712F}.Debug|Any CPU.Build.0 = Debug|Any CPU
		{F2E07023-8D0B-4245-9776-088BFD2D712F}.Release|Any CPU.ActiveCfg = Release|Any CPU
		{F2E07023-8D0B-4245-9776-088BFD2D712F}.Release|Any CPU.Build.0 = Release|Any CPU
		{386C286B-B980-4767-B5A7-1C207462D819}.Debug|Any CPU.ActiveCfg = Debug|Any CPU
		{386C286B-B980-4767-B5A7-1C207462D819}.Debug|Any CPU.Build.0 = Debug|Any CPU
		{386C286B-B980-4767-B5A7-1C207462D819}.Release|Any CPU.ActiveCfg = Release|Any CPU
		{386C286B-B980-4767-B5A7-1C207462D819}.Release|Any CPU.Build.0 = Release|Any CPU
		{8886CB19-13F8-4531-BDCF-2F62A4F65CEC}.Debug|Any CPU.ActiveCfg = Debug|Any CPU
		{8886CB19-13F8-4531-BDCF-2F62A4F65CEC}.Debug|Any CPU.Build.0 = Debug|Any CPU
		{8886CB19-13F8-4531-BDCF-2F62A4F65CEC}.Release|Any CPU.ActiveCfg = Release|Any CPU
		{8886CB19-13F8-4531-BDCF-2F62A4F65CEC}.Release|Any CPU.Build.0 = Release|Any CPU
		{67560AE7-201D-4235-8462-44116B6BEE3D}.Debug|Any CPU.ActiveCfg = Debug|Any CPU
		{67560AE7-201D-4235-8462-44116B6BEE3D}.Debug|Any CPU.Build.0 = Debug|Any CPU
		{67560AE7-201D-4235-8462-44116B6BEE3D}.Release|Any CPU.ActiveCfg = Release|Any CPU
		{67560AE7-201D-4235-8462-44116B6BEE3D}.Release|Any CPU.Build.0 = Release|Any CPU
	EndGlobalSection
	GlobalSection(SolutionProperties) = preSolution
		HideSolutionNode = FALSE
	EndGlobalSection
	GlobalSection(NestedProjects) = preSolution
		{D9CE7DEA-1E30-4CFD-9434-35C0EC53ED67} = {324A8FE2-102F-4534-8CBA-43ED8458B3E6}
		{8886CB19-13F8-4531-BDCF-2F62A4F65CEC} = {324A8FE2-102F-4534-8CBA-43ED8458B3E6}
		{67560AE7-201D-4235-8462-44116B6BEE3D} = {324A8FE2-102F-4534-8CBA-43ED8458B3E6}
	EndGlobalSection
	GlobalSection(ExtensibilityGlobals) = postSolution
		SolutionGuid = {7303FE55-369F-4014-9BBC-C920B42084DD}
	EndGlobalSection
EndGlobal
